{
    "_readme": [
        "This file locks the dependencies of your project to a known state",
        "Read more about it at https://getcomposer.org/doc/01-basic-usage.md#installing-dependencies",
        "This file is @generated automatically"
    ],
    "content-hash": "d383d4b34687ce55375d6429cf5a7419",
    "packages": [
        {
            "name": "ergebnis/composer-normalize",
            "version": "2.5.1",
            "source": {
                "type": "git",
                "url": "https://github.com/ergebnis/composer-normalize.git",
                "reference": "d0faf549e565757a7ffbf1f306a4293080e43bdd"
            },
            "dist": {
                "type": "zip",
                "url": "https://api.github.com/repos/ergebnis/composer-normalize/zipball/d0faf549e565757a7ffbf1f306a4293080e43bdd",
                "reference": "d0faf549e565757a7ffbf1f306a4293080e43bdd",
                "shasum": ""
            },
            "require": {
                "composer-plugin-api": "^1.1.0 || ^2.0.0",
                "ergebnis/json-normalizer": "~0.12.0",
                "ergebnis/json-printer": "^3.0.2",
                "localheinz/diff": "^1.0.1",
                "php": "^7.1"
            },
            "require-dev": {
                "composer/composer": "^1.10.5 || ^2.0.0",
                "composer/package-versions-deprecated": "^1.8.0",
                "ergebnis/phpstan-rules": "~0.14.4",
                "ergebnis/test-util": "~1.0.0",
                "jangregor/phpstan-prophecy": "~0.6.2",
                "phpstan/extension-installer": "^1.0.4",
                "phpstan/phpstan": "~0.12.19",
                "phpstan/phpstan-deprecation-rules": "~0.12.2",
                "phpstan/phpstan-phpunit": "~0.12.8",
                "phpstan/phpstan-strict-rules": "~0.12.2",
                "phpunit/phpunit": "^7.5.20",
                "symfony/filesystem": "^4.4.8"
            },
            "type": "composer-plugin",
            "extra": {
                "class": "Ergebnis\\Composer\\Normalize\\NormalizePlugin"
            },
            "autoload": {
                "psr-4": {
                    "Ergebnis\\Composer\\Normalize\\": "src/"
                }
            },
            "notification-url": "https://packagist.org/downloads/",
            "license": [
                "MIT"
            ],
            "authors": [
                {
                    "name": "Andreas Möller",
                    "email": "am@localheinz.com"
                }
            ],
            "description": "Provides a composer plugin for normalizing composer.json.",
            "homepage": "https://github.com/ergebnis/composer-normalize",
            "keywords": [
                "composer",
                "normalize",
                "normalizer",
                "plugin"
            ],
            "funding": [
                {
                    "url": "https://paypal.me/localheinz",
                    "type": "custom"
                },
                {
                    "url": "https://www.amazon.de/hz/wishlist/ls/2NCHMSJ4BC1OW",
                    "type": "custom"
                },
                {
                    "url": "https://www.buymeacoffee.com/localheinz",
                    "type": "custom"
                },
                {
                    "url": "https://github.com/localheinz",
                    "type": "github"
                }
            ],
            "time": "2020-05-01T12:02:09+00:00"
        },
        {
            "name": "ergebnis/json-normalizer",
            "version": "0.12.0",
            "source": {
                "type": "git",
                "url": "https://github.com/ergebnis/json-normalizer.git",
                "reference": "0197447cd5d8f7e82116e904196a3e9f470655db"
            },
            "dist": {
                "type": "zip",
                "url": "https://api.github.com/repos/ergebnis/json-normalizer/zipball/0197447cd5d8f7e82116e904196a3e9f470655db",
                "reference": "0197447cd5d8f7e82116e904196a3e9f470655db",
                "shasum": ""
            },
            "require": {
                "ergebnis/json-printer": "^3.0.2",
                "ext-json": "*",
                "justinrainbow/json-schema": "^4.0.0 || ^5.0.0",
                "php": "^7.1"
            },
            "require-dev": {
                "ergebnis/license": "~0.1.0",
                "ergebnis/php-cs-fixer-config": "^2.1.2",
                "ergebnis/phpstan-rules": "~0.14.4",
                "ergebnis/test-util": "~1.0.0",
                "infection/infection": "~0.13.6",
                "jangregor/phpstan-prophecy": "~0.6.2",
                "phpstan/extension-installer": "^1.0.4",
                "phpstan/phpstan": "~0.12.18",
                "phpstan/phpstan-deprecation-rules": "~0.12.2",
                "phpstan/phpstan-phpunit": "~0.12.8",
                "phpstan/phpstan-strict-rules": "~0.12.2",
                "phpunit/phpunit": "^7.5.20",
                "psalm/plugin-phpunit": "~0.10.0",
                "vimeo/psalm": "^3.11.2"
            },
            "type": "library",
            "autoload": {
                "psr-4": {
                    "Ergebnis\\Json\\Normalizer\\": "src/"
                }
            },
            "notification-url": "https://packagist.org/downloads/",
            "license": [
                "MIT"
            ],
            "authors": [
                {
                    "name": "Andreas Möller",
                    "email": "am@localheinz.com"
                }
            ],
            "description": "Provides generic and vendor-specific normalizers for normalizing JSON documents.",
            "homepage": "https://github.com/ergebnis/json-normalizer",
            "keywords": [
                "json",
                "normalizer"
            ],
            "funding": [
                {
                    "url": "https://paypal.me/localheinz",
                    "type": "custom"
                },
                {
                    "url": "https://www.amazon.de/hz/wishlist/ls/2NCHMSJ4BC1OW",
                    "type": "custom"
                },
                {
                    "url": "https://www.buymeacoffee.com/localheinz",
                    "type": "custom"
                },
                {
                    "url": "https://github.com/localheinz",
                    "type": "github"
                }
            ],
            "time": "2020-04-19T12:30:41+00:00"
        },
        {
            "name": "ergebnis/json-printer",
            "version": "3.0.2",
            "source": {
                "type": "git",
                "url": "https://github.com/ergebnis/json-printer.git",
                "reference": "c7985dc4879777f2e4ab689da25bdd49f59dd2cb"
            },
            "dist": {
                "type": "zip",
                "url": "https://api.github.com/repos/ergebnis/json-printer/zipball/c7985dc4879777f2e4ab689da25bdd49f59dd2cb",
                "reference": "c7985dc4879777f2e4ab689da25bdd49f59dd2cb",
                "shasum": ""
            },
            "require": {
                "ext-json": "*",
                "ext-mbstring": "*",
                "php": "^7.1"
            },
            "require-dev": {
                "ergebnis/php-cs-fixer-config": "~1.1.1",
                "ergebnis/phpstan-rules": "~0.14.1",
                "ergebnis/test-util": "~0.9.0",
                "infection/infection": "~0.13.6",
                "phpbench/phpbench": "~0.16.10",
                "phpstan/extension-installer": "^1.0.3",
                "phpstan/phpstan": "~0.11.19",
                "phpstan/phpstan-deprecation-rules": "~0.11.2",
                "phpstan/phpstan-strict-rules": "~0.11.1",
                "phpunit/phpunit": "^7.5.18"
            },
            "type": "library",
            "autoload": {
                "psr-4": {
                    "Ergebnis\\Json\\Printer\\": "src/"
                }
            },
            "notification-url": "https://packagist.org/downloads/",
            "license": [
                "MIT"
            ],
            "authors": [
                {
                    "name": "Andreas Möller",
                    "email": "am@localheinz.com"
                }
            ],
            "description": "Provides a JSON printer, allowing for flexible indentation.",
            "homepage": "https://github.com/ergebnis/json-printer",
            "keywords": [
                "formatter",
                "json",
                "printer"
            ],
            "time": "2019-12-19T14:42:54+00:00"
        },
        {
            "name": "hirak/prestissimo",
            "version": "0.3.10",
            "source": {
                "type": "git",
                "url": "https://github.com/hirak/prestissimo.git",
                "reference": "fb6724d5ee81c96bebd2255175d8c364ac9301e3"
            },
            "dist": {
                "type": "zip",
                "url": "https://api.github.com/repos/hirak/prestissimo/zipball/fb6724d5ee81c96bebd2255175d8c364ac9301e3",
                "reference": "fb6724d5ee81c96bebd2255175d8c364ac9301e3",
                "shasum": ""
            },
            "require": {
                "composer-plugin-api": "^1.0.0",
                "ext-curl": "*",
                "php": "^5.3.2 || ^7.0"
            },
            "require-dev": {
                "composer/composer": "1.0.0",
                "phpunit/phpunit": "4.8.* || 5.7.* || ^6.3",
                "squizlabs/php_codesniffer": "^2.5"
            },
            "type": "composer-plugin",
            "extra": {
                "class": "Hirak\\Prestissimo\\Plugin"
            },
            "autoload": {
                "psr-4": {
                    "Hirak\\Prestissimo\\": "src/"
                }
            },
            "notification-url": "https://packagist.org/downloads/",
            "license": [
                "MIT"
            ],
            "authors": [
                {
                    "name": "Hiraku NAKANO",
                    "email": "hiraku@tojiru.net"
                }
            ],
            "description": "composer parallel install plugin",
            "keywords": [
                "install",
                "parallel",
                "speedup"
            ],
            "time": "2020-02-16T12:49:55+00:00"
        },
        {
            "name": "justinrainbow/json-schema",
            "version": "5.2.9",
            "source": {
                "type": "git",
                "url": "https://github.com/justinrainbow/json-schema.git",
                "reference": "44c6787311242a979fa15c704327c20e7221a0e4"
            },
            "dist": {
                "type": "zip",
                "url": "https://api.github.com/repos/justinrainbow/json-schema/zipball/44c6787311242a979fa15c704327c20e7221a0e4",
                "reference": "44c6787311242a979fa15c704327c20e7221a0e4",
                "shasum": ""
            },
            "require": {
                "php": ">=5.3.3"
            },
            "require-dev": {
                "friendsofphp/php-cs-fixer": "~2.2.20||~2.15.1",
                "json-schema/json-schema-test-suite": "1.2.0",
                "phpunit/phpunit": "^4.8.35"
            },
            "bin": [
                "bin/validate-json"
            ],
            "type": "library",
            "extra": {
                "branch-alias": {
                    "dev-master": "5.0.x-dev"
                }
            },
            "autoload": {
                "psr-4": {
                    "JsonSchema\\": "src/JsonSchema/"
                }
            },
            "notification-url": "https://packagist.org/downloads/",
            "license": [
                "MIT"
            ],
            "authors": [
                {
                    "name": "Bruno Prieto Reis",
                    "email": "bruno.p.reis@gmail.com"
                },
                {
                    "name": "Justin Rainbow",
                    "email": "justin.rainbow@gmail.com"
                },
                {
                    "name": "Igor Wiedler",
                    "email": "igor@wiedler.ch"
                },
                {
                    "name": "Robert Schönthal",
                    "email": "seroscho@googlemail.com"
                }
            ],
            "description": "A library to validate a json schema.",
            "homepage": "https://github.com/justinrainbow/json-schema",
            "keywords": [
                "json",
                "schema"
            ],
            "time": "2019-09-25T14:49:45+00:00"
        },
        {
            "name": "localheinz/diff",
            "version": "1.0.1",
            "source": {
                "type": "git",
                "url": "https://github.com/localheinz/diff.git",
                "reference": "bd5661db4bbed26c6f25df8851fd9f4b424a356e"
            },
            "dist": {
                "type": "zip",
                "url": "https://api.github.com/repos/localheinz/diff/zipball/bd5661db4bbed26c6f25df8851fd9f4b424a356e",
                "reference": "bd5661db4bbed26c6f25df8851fd9f4b424a356e",
                "shasum": ""
            },
            "require": {
                "php": "^7.1"
            },
            "require-dev": {
                "phpunit/phpunit": "^7.5 || ^8.0",
                "symfony/process": "^2 || ^3.3 || ^4"
            },
            "type": "library",
            "autoload": {
                "classmap": [
                    "src/"
                ]
            },
            "notification-url": "https://packagist.org/downloads/",
            "license": [
                "BSD-3-Clause"
            ],
            "authors": [
                {
                    "name": "Sebastian Bergmann",
                    "email": "sebastian@phpunit.de"
                },
                {
                    "name": "Kore Nordmann",
                    "email": "mail@kore-nordmann.de"
                }
            ],
            "description": "Fork of sebastian/diff for use with ergebnis/composer-normalize",
            "homepage": "https://github.com/sebastianbergmann/diff",
            "keywords": [
                "diff",
                "udiff",
                "unidiff",
                "unified diff"
            ],
            "time": "2019-12-17T07:42:37+00:00"
        }
    ],
    "packages-dev": [],
    "aliases": [],
    "minimum-stability": "stable",
    "stability-flags": [],
    "prefer-stable": false,
    "prefer-lowest": false,
    "platform": [],
    "platform-dev": [],
    "plugin-api-version": "1.1.0"
}
