{
    "_readme": [
        "This file locks the dependencies of your project to a known state",
        "Read more about it at https://getcomposer.org/doc/01-basic-usage.md#composer-lock-the-lock-file",
        "This file is @generated automatically"
    ],
    "hash": "5d88809e96969f868698d0eecf07e077",
    "content-hash": "e67648b998a515d2faeaf08a184dbcf0",
    "packages": [
        {
            "name": "block8/php-docblock-checker",
            "version": "1.1.0",
            "source": {
                "type": "git",
                "url": "https://github.com/Block8/php-docblock-checker.git",
                "reference": "e1c2e1c6294a25cf91feb4d0c4dee0152ef4e112"
            },
            "dist": {
                "type": "zip",
                "url": "https://api.github.com/repos/Block8/php-docblock-checker/zipball/e1c2e1c6294a25cf91feb4d0c4dee0152ef4e112",
                "reference": "e1c2e1c6294a25cf91feb4d0c4dee0152ef4e112",
                "shasum": ""
            },
            "require": {
                "php": ">=5.3.3",
                "phpunit/php-token-stream": "1.*",
                "symfony/console": "3.*"
            },
            "require-dev": {
                "phploc/phploc": "~2.0",
                "phpmd/phpmd": "~2.0",
                "squizlabs/php_codesniffer": "~1.5"
            },
            "bin": [
                "phpdoccheck"
            ],
            "type": "library",
            "notification-url": "https://packagist.org/downloads/",
            "license": [
                "BSD-2-Clause"
            ],
            "authors": [
                {
                    "name": "Dan Cryer",
                    "email": "dan.cryer@block8.co.uk",
                    "homepage": "http://www.block8.co.uk",
                    "role": "Developer"
                }
            ],
            "description": "A simple tool for checking that your PHP classes and methods use docblocks.",
            "homepage": "https://www.phptesting.org/",
            "keywords": [
                "checker",
                "code quality",
                "comment",
                "docblock",
                "php",
                "phpci",
                "testing"
            ],
            "time": "2016-08-25 13:11:15"
        },
        {
            "name": "container-interop/container-interop",
            "version": "1.1.0",
            "source": {
                "type": "git",
                "url": "https://github.com/container-interop/container-interop.git",
                "reference": "fc08354828f8fd3245f77a66b9e23a6bca48297e"
            },
            "dist": {
                "type": "zip",
                "url": "https://api.github.com/repos/container-interop/container-interop/zipball/fc08354828f8fd3245f77a66b9e23a6bca48297e",
                "reference": "fc08354828f8fd3245f77a66b9e23a6bca48297e",
                "shasum": ""
            },
            "type": "library",
            "autoload": {
                "psr-4": {
                    "Interop\\Container\\": "src/Interop/Container/"
                }
            },
            "notification-url": "https://packagist.org/downloads/",
            "license": [
                "MIT"
            ],
            "description": "Promoting the interoperability of container objects (DIC, SL, etc.)",
            "time": "2014-12-30 15:22:37"
        },
        {
            "name": "guzzlehttp/guzzle",
            "version": "6.2.1",
            "source": {
                "type": "git",
                "url": "https://github.com/guzzle/guzzle.git",
                "reference": "3f808fba627f2c5b69e2501217bf31af349c1427"
            },
            "dist": {
                "type": "zip",
                "url": "https://api.github.com/repos/guzzle/guzzle/zipball/3f808fba627f2c5b69e2501217bf31af349c1427",
                "reference": "3f808fba627f2c5b69e2501217bf31af349c1427",
                "shasum": ""
            },
            "require": {
                "guzzlehttp/promises": "^1.0",
                "guzzlehttp/psr7": "^1.3.1",
                "php": ">=5.5"
            },
            "require-dev": {
                "ext-curl": "*",
                "phpunit/phpunit": "^4.0",
                "psr/log": "^1.0"
            },
            "type": "library",
            "extra": {
                "branch-alias": {
                    "dev-master": "6.2-dev"
                }
            },
            "autoload": {
                "files": [
                    "src/functions_include.php"
                ],
                "psr-4": {
                    "GuzzleHttp\\": "src/"
                }
            },
            "notification-url": "https://packagist.org/downloads/",
            "license": [
                "MIT"
            ],
            "authors": [
                {
                    "name": "Michael Dowling",
                    "email": "mtdowling@gmail.com",
                    "homepage": "https://github.com/mtdowling"
                }
            ],
            "description": "Guzzle is a PHP HTTP client library",
            "homepage": "http://guzzlephp.org/",
            "keywords": [
                "client",
                "curl",
                "framework",
                "http",
                "http client",
                "rest",
                "web service"
            ],
            "time": "2016-07-15 17:22:37"
        },
        {
            "name": "guzzlehttp/promises",
            "version": "1.2.0",
            "source": {
                "type": "git",
                "url": "https://github.com/guzzle/promises.git",
                "reference": "c10d860e2a9595f8883527fa0021c7da9e65f579"
            },
            "dist": {
                "type": "zip",
                "url": "https://api.github.com/repos/guzzle/promises/zipball/c10d860e2a9595f8883527fa0021c7da9e65f579",
                "reference": "c10d860e2a9595f8883527fa0021c7da9e65f579",
                "shasum": ""
            },
            "require": {
                "php": ">=5.5.0"
            },
            "require-dev": {
                "phpunit/phpunit": "~4.0"
            },
            "type": "library",
            "extra": {
                "branch-alias": {
                    "dev-master": "1.0-dev"
                }
            },
            "autoload": {
                "psr-4": {
                    "GuzzleHttp\\Promise\\": "src/"
                },
                "files": [
                    "src/functions_include.php"
                ]
            },
            "notification-url": "https://packagist.org/downloads/",
            "license": [
                "MIT"
            ],
            "authors": [
                {
                    "name": "Michael Dowling",
                    "email": "mtdowling@gmail.com",
                    "homepage": "https://github.com/mtdowling"
                }
            ],
            "description": "Guzzle promises library",
            "keywords": [
                "promise"
            ],
            "time": "2016-05-18 16:56:05"
        },
        {
            "name": "guzzlehttp/psr7",
            "version": "1.3.1",
            "source": {
                "type": "git",
                "url": "https://github.com/guzzle/psr7.git",
                "reference": "5c6447c9df362e8f8093bda8f5d8873fe5c7f65b"
            },
            "dist": {
                "type": "zip",
                "url": "https://api.github.com/repos/guzzle/psr7/zipball/5c6447c9df362e8f8093bda8f5d8873fe5c7f65b",
                "reference": "5c6447c9df362e8f8093bda8f5d8873fe5c7f65b",
                "shasum": ""
            },
            "require": {
                "php": ">=5.4.0",
                "psr/http-message": "~1.0"
            },
            "provide": {
                "psr/http-message-implementation": "1.0"
            },
            "require-dev": {
                "phpunit/phpunit": "~4.0"
            },
            "type": "library",
            "extra": {
                "branch-alias": {
                    "dev-master": "1.4-dev"
                }
            },
            "autoload": {
                "psr-4": {
                    "GuzzleHttp\\Psr7\\": "src/"
                },
                "files": [
                    "src/functions_include.php"
                ]
            },
            "notification-url": "https://packagist.org/downloads/",
            "license": [
                "MIT"
            ],
            "authors": [
                {
                    "name": "Michael Dowling",
                    "email": "mtdowling@gmail.com",
                    "homepage": "https://github.com/mtdowling"
                }
            ],
            "description": "PSR-7 message implementation",
            "keywords": [
                "http",
                "message",
                "stream",
                "uri"
            ],
            "time": "2016-06-24 23:00:38"
        },
        {
            "name": "illuminate/container",
            "version": "v5.3.4",
            "source": {
                "type": "git",
                "url": "https://github.com/illuminate/container.git",
                "reference": "360f4900dbaa7e76ecfbb58e0ad4b244a90edfe3"
            },
            "dist": {
                "type": "zip",
                "url": "https://api.github.com/repos/illuminate/container/zipball/360f4900dbaa7e76ecfbb58e0ad4b244a90edfe3",
                "reference": "360f4900dbaa7e76ecfbb58e0ad4b244a90edfe3",
                "shasum": ""
            },
            "require": {
                "illuminate/contracts": "5.3.*",
                "php": ">=5.6.4"
            },
            "type": "library",
            "extra": {
                "branch-alias": {
                    "dev-master": "5.3-dev"
                }
            },
            "autoload": {
                "psr-4": {
                    "Illuminate\\Container\\": ""
                }
            },
            "notification-url": "https://packagist.org/downloads/",
            "license": [
                "MIT"
            ],
            "authors": [
                {
                    "name": "Taylor Otwell",
                    "email": "taylor@laravel.com"
                }
            ],
            "description": "The Illuminate Container package.",
            "homepage": "https://laravel.com",
            "time": "2016-08-05 14:48:10"
        },
        {
            "name": "illuminate/contracts",
            "version": "v5.3.4",
            "source": {
                "type": "git",
                "url": "https://github.com/illuminate/contracts.git",
                "reference": "f766fc0452d82d545b866a8ad5860b20ccd50763"
            },
            "dist": {
                "type": "zip",
                "url": "https://api.github.com/repos/illuminate/contracts/zipball/f766fc0452d82d545b866a8ad5860b20ccd50763",
                "reference": "f766fc0452d82d545b866a8ad5860b20ccd50763",
                "shasum": ""
            },
            "require": {
                "php": ">=5.6.4"
            },
            "type": "library",
            "extra": {
                "branch-alias": {
                    "dev-master": "5.3-dev"
                }
            },
            "autoload": {
                "psr-4": {
                    "Illuminate\\Contracts\\": ""
                }
            },
            "notification-url": "https://packagist.org/downloads/",
            "license": [
                "MIT"
            ],
            "authors": [
                {
                    "name": "Taylor Otwell",
                    "email": "taylor@laravel.com"
                }
            ],
            "description": "The Illuminate Contracts package.",
            "homepage": "https://laravel.com",
            "time": "2016-08-21 12:37:00"
        },
        {
            "name": "laravel/homestead",
            "version": "v3.0.2",
            "source": {
                "type": "git",
                "url": "https://github.com/laravel/homestead.git",
                "reference": "705449c3dbedbded4bd4f3ed725303c69253cad4"
            },
            "dist": {
                "type": "zip",
                "url": "https://api.github.com/repos/laravel/homestead/zipball/705449c3dbedbded4bd4f3ed725303c69253cad4",
                "reference": "705449c3dbedbded4bd4f3ed725303c69253cad4",
                "shasum": ""
            },
            "require": {
                "php": ">=5.5.9",
                "symfony/console": "~2.3|~3.0",
                "symfony/process": "~2.3|~3.0"
            },
            "bin": [
                "homestead"
            ],
            "type": "library",
            "extra": {
                "branch-alias": {
                    "dev-master": "4.0-dev"
                }
            },
            "autoload": {
                "psr-4": {
                    "Laravel\\Homestead\\": "src/"
                }
            },
            "notification-url": "https://packagist.org/downloads/",
            "license": [
                "MIT"
            ],
            "authors": [
                {
                    "name": "Taylor Otwell",
                    "email": "taylorotwell@gmail.com"
                }
            ],
            "description": "A virtual machine for web artisans.",
            "time": "2016-02-16 22:31:00"
        },
        {
            "name": "laravel/installer",
            "version": "v1.3.4",
            "source": {
                "type": "git",
                "url": "https://github.com/laravel/installer.git",
                "reference": "504bde5b25b29dbff9957ce073d40fc8d27a3a96"
            },
            "dist": {
                "type": "zip",
                "url": "https://api.github.com/repos/laravel/installer/zipball/504bde5b25b29dbff9957ce073d40fc8d27a3a96",
                "reference": "504bde5b25b29dbff9957ce073d40fc8d27a3a96",
                "shasum": ""
            },
            "require": {
                "guzzlehttp/guzzle": "~4.0|~5.0|~6.0",
                "symfony/console": "~2.3|~3.0",
                "symfony/process": "~2.3|~3.0"
            },
            "bin": [
                "laravel"
            ],
            "type": "library",
            "autoload": {
                "psr-4": {
                    "Laravel\\Installer\\Console\\": "src/"
                }
            },
            "notification-url": "https://packagist.org/downloads/",
            "license": [
                "MIT"
            ],
            "authors": [
                {
                    "name": "Taylor Otwell",
                    "email": "taylorotwell@gmail.com"
                }
            ],
            "description": "Laravel application installer.",
            "keywords": [
                "laravel"
            ],
            "time": "2016-08-26 20:19:49"
        },
        {
            "name": "laravel/lumen-installer",
            "version": "v1.0.2",
            "source": {
                "type": "git",
                "url": "https://github.com/laravel/lumen-installer.git",
                "reference": "79f0656b2499744eac82f662caf091a210340705"
            },
            "dist": {
                "type": "zip",
                "url": "https://api.github.com/repos/laravel/lumen-installer/zipball/79f0656b2499744eac82f662caf091a210340705",
                "reference": "79f0656b2499744eac82f662caf091a210340705",
                "shasum": ""
            },
            "require": {
                "guzzlehttp/guzzle": "~4.0|~5.0|~6.0",
                "symfony/console": "~2.3|~3.0",
                "symfony/process": "~2.3|~3.0"
            },
            "bin": [
                "lumen"
            ],
            "type": "library",
            "autoload": {
                "psr-4": {
                    "Lumen\\Installer\\Console\\": "src/"
                }
            },
            "notification-url": "https://packagist.org/downloads/",
            "license": [
                "MIT"
            ],
            "authors": [
                {
                    "name": "Taylor Otwell",
                    "email": "taylorotwell@gmail.com"
                }
            ],
            "description": "Lumen application installer.",
            "keywords": [
                "laravel",
                "lumen"
            ],
            "time": "2016-04-15 16:24:26"
        },
        {
            "name": "laravel/valet",
            "version": "v1.1.19",
            "source": {
                "type": "git",
                "url": "https://github.com/laravel/valet.git",
                "reference": "86d0c6b1a75a6fb80380d2ddaba71935680045d7"
            },
            "dist": {
                "type": "zip",
                "url": "https://api.github.com/repos/laravel/valet/zipball/86d0c6b1a75a6fb80380d2ddaba71935680045d7",
                "reference": "86d0c6b1a75a6fb80380d2ddaba71935680045d7",
                "shasum": ""
            },
            "require": {
                "illuminate/container": "~5.1",
                "mnapoli/silly": "~1.0",
                "nategood/httpful": "~0.2",
                "php": ">=5.5.9",
                "symfony/process": "~2.7|~3.0",
                "tightenco/collect": "^5.2"
            },
            "require-dev": {
                "mockery/mockery": "0.9.*",
                "phpunit/phpunit": ">=4.8.24"
            },
            "bin": [
                "valet"
            ],
            "type": "library",
            "autoload": {
                "files": [
                    "cli/includes/compatibility.php",
                    "cli/includes/facades.php",
                    "cli/includes/helpers.php"
                ],
                "psr-4": {
                    "Valet\\": "cli/Valet/"
                }
            },
            "notification-url": "https://packagist.org/downloads/",
            "license": [
                "MIT"
            ],
            "authors": [
                {
                    "name": "Adam Wathan",
                    "email": "adam.wathan@gmail.com"
                },
                {
                    "name": "Taylor Otwell",
                    "email": "taylorotwell@gmail.com"
                }
            ],
            "description": "A more enjoyable local development experience for Mac.",
            "keywords": [
                "laravel",
                "wwdhhd",
                "zonda"
            ],
            "time": "2016-08-17 21:08:46"
        },
        {
            "name": "mnapoli/silly",
            "version": "1.4.0",
            "source": {
                "type": "git",
                "url": "https://github.com/mnapoli/silly.git",
                "reference": "2f53397797d992fa2862105992b198b25679d283"
            },
            "dist": {
                "type": "zip",
                "url": "https://api.github.com/repos/mnapoli/silly/zipball/2f53397797d992fa2862105992b198b25679d283",
                "reference": "2f53397797d992fa2862105992b198b25679d283",
                "shasum": ""
            },
            "require": {
                "container-interop/container-interop": "~1.0",
                "php": ">=5.5",
                "php-di/invoker": "~1.2",
                "symfony/console": "~2.6|~3.0"
            },
            "require-dev": {
                "mnapoli/phpunit-easymock": "~0.1.0",
                "phpunit/phpunit": "~4.5"
            },
            "type": "library",
            "autoload": {
                "psr-4": {
                    "Silly\\": "src/"
                }
            },
            "notification-url": "https://packagist.org/downloads/",
            "license": [
                "MIT"
            ],
            "description": "Silly CLI micro-framework based on Symfony Console",
            "keywords": [
                "cli",
                "console",
                "framework",
                "micro-framework",
                "silly"
            ],
            "time": "2016-08-13 18:47:51"
        },
        {
            "name": "nategood/httpful",
            "version": "0.2.20",
            "source": {
                "type": "git",
                "url": "https://github.com/nategood/httpful.git",
                "reference": "c1cd4d46a4b281229032cf39d4dd852f9887c0f6"
            },
            "dist": {
                "type": "zip",
                "url": "https://api.github.com/repos/nategood/httpful/zipball/c1cd4d46a4b281229032cf39d4dd852f9887c0f6",
                "reference": "c1cd4d46a4b281229032cf39d4dd852f9887c0f6",
                "shasum": ""
            },
            "require": {
                "ext-curl": "*",
                "php": ">=5.3"
            },
            "require-dev": {
                "phpunit/phpunit": "*"
            },
            "type": "library",
            "autoload": {
                "psr-0": {
                    "Httpful": "src/"
                }
            },
            "notification-url": "https://packagist.org/downloads/",
            "license": [
                "MIT"
            ],
            "authors": [
                {
                    "name": "Nate Good",
                    "email": "me@nategood.com",
                    "homepage": "http://nategood.com"
                }
            ],
            "description": "A Readable, Chainable, REST friendly, PHP HTTP Client",
            "homepage": "http://github.com/nategood/httpful",
            "keywords": [
                "api",
                "curl",
                "http",
                "requests",
                "rest",
                "restful"
            ],
            "time": "2015-10-26 16:11:30"
        },
        {
            "name": "php-di/invoker",
            "version": "1.3.3",
            "source": {
                "type": "git",
                "url": "https://github.com/PHP-DI/Invoker.git",
                "reference": "1f4ca63b9abc66109e53b255e465d0ddb5c2e3f7"
            },
            "dist": {
                "type": "zip",
                "url": "https://api.github.com/repos/PHP-DI/Invoker/zipball/1f4ca63b9abc66109e53b255e465d0ddb5c2e3f7",
                "reference": "1f4ca63b9abc66109e53b255e465d0ddb5c2e3f7",
                "shasum": ""
            },
            "require": {
                "container-interop/container-interop": "~1.1"
            },
            "require-dev": {
                "athletic/athletic": "~0.1.8",
                "phpunit/phpunit": "~4.5"
            },
            "type": "library",
            "autoload": {
                "psr-4": {
                    "Invoker\\": "src/"
                }
            },
            "notification-url": "https://packagist.org/downloads/",
            "license": [
                "MIT"
            ],
            "description": "Generic and extensible callable invoker",
            "homepage": "https://github.com/PHP-DI/Invoker",
            "keywords": [
                "callable",
                "dependency",
                "dependency-injection",
                "injection",
                "invoke",
                "invoker"
            ],
            "time": "2016-07-14 13:09:58"
        },
        {
            "name": "phpunit/php-token-stream",
            "version": "1.4.8",
            "source": {
                "type": "git",
                "url": "https://github.com/sebastianbergmann/php-token-stream.git",
                "reference": "3144ae21711fb6cac0b1ab4cbe63b75ce3d4e8da"
            },
            "dist": {
                "type": "zip",
                "url": "https://api.github.com/repos/sebastianbergmann/php-token-stream/zipball/3144ae21711fb6cac0b1ab4cbe63b75ce3d4e8da",
                "reference": "3144ae21711fb6cac0b1ab4cbe63b75ce3d4e8da",
                "shasum": ""
            },
            "require": {
                "ext-tokenizer": "*",
                "php": ">=5.3.3"
            },
            "require-dev": {
                "phpunit/phpunit": "~4.2"
            },
            "type": "library",
            "extra": {
                "branch-alias": {
                    "dev-master": "1.4-dev"
                }
            },
            "autoload": {
                "classmap": [
                    "src/"
                ]
            },
            "notification-url": "https://packagist.org/downloads/",
            "license": [
                "BSD-3-Clause"
            ],
            "authors": [
                {
                    "name": "Sebastian Bergmann",
                    "email": "sebastian@phpunit.de"
                }
            ],
            "description": "Wrapper around PHP's tokenizer extension.",
            "homepage": "https://github.com/sebastianbergmann/php-token-stream/",
            "keywords": [
                "tokenizer"
            ],
            "time": "2015-09-15 10:49:45"
        },
        {
            "name": "psr/http-message",
            "version": "1.0.1",
            "source": {
                "type": "git",
                "url": "https://github.com/php-fig/http-message.git",
                "reference": "f6561bf28d520154e4b0ec72be95418abe6d9363"
            },
            "dist": {
                "type": "zip",
                "url": "https://api.github.com/repos/php-fig/http-message/zipball/f6561bf28d520154e4b0ec72be95418abe6d9363",
                "reference": "f6561bf28d520154e4b0ec72be95418abe6d9363",
                "shasum": ""
            },
            "require": {
                "php": ">=5.3.0"
            },
            "type": "library",
            "extra": {
                "branch-alias": {
                    "dev-master": "1.0.x-dev"
                }
            },
            "autoload": {
                "psr-4": {
                    "Psr\\Http\\Message\\": "src/"
                }
            },
            "notification-url": "https://packagist.org/downloads/",
            "license": [
                "MIT"
            ],
            "authors": [
                {
                    "name": "PHP-FIG",
                    "homepage": "http://www.php-fig.org/"
                }
            ],
            "description": "Common interface for HTTP messages",
            "homepage": "https://github.com/php-fig/http-message",
            "keywords": [
                "http",
                "http-message",
                "psr",
                "psr-7",
                "request",
                "response"
            ],
            "time": "2016-08-06 14:39:51"
        },
        {
            "name": "symfony/console",
            "version": "v3.1.3",
            "source": {
                "type": "git",
                "url": "https://github.com/symfony/console.git",
                "reference": "f9e638e8149e9e41b570ff092f8007c477ef0ce5"
            },
            "dist": {
                "type": "zip",
                "url": "https://api.github.com/repos/symfony/console/zipball/f9e638e8149e9e41b570ff092f8007c477ef0ce5",
                "reference": "f9e638e8149e9e41b570ff092f8007c477ef0ce5",
                "shasum": ""
            },
            "require": {
                "php": ">=5.5.9",
                "symfony/polyfill-mbstring": "~1.0"
            },
            "require-dev": {
                "psr/log": "~1.0",
                "symfony/event-dispatcher": "~2.8|~3.0",
                "symfony/process": "~2.8|~3.0"
            },
            "suggest": {
                "psr/log": "For using the console logger",
                "symfony/event-dispatcher": "",
                "symfony/process": ""
            },
            "type": "library",
            "extra": {
                "branch-alias": {
                    "dev-master": "3.1-dev"
                }
            },
            "autoload": {
                "psr-4": {
                    "Symfony\\Component\\Console\\": ""
                },
                "exclude-from-classmap": [
                    "/Tests/"
                ]
            },
            "notification-url": "https://packagist.org/downloads/",
            "license": [
                "MIT"
            ],
            "authors": [
                {
                    "name": "Fabien Potencier",
                    "email": "fabien@symfony.com"
                },
                {
                    "name": "Symfony Community",
                    "homepage": "https://symfony.com/contributors"
                }
            ],
            "description": "Symfony Console Component",
            "homepage": "https://symfony.com",
            "time": "2016-07-26 08:04:17"
        },
        {
            "name": "symfony/polyfill-mbstring",
            "version": "v1.2.0",
            "source": {
                "type": "git",
                "url": "https://github.com/symfony/polyfill-mbstring.git",
                "reference": "dff51f72b0706335131b00a7f49606168c582594"
            },
            "dist": {
                "type": "zip",
                "url": "https://api.github.com/repos/symfony/polyfill-mbstring/zipball/dff51f72b0706335131b00a7f49606168c582594",
                "reference": "dff51f72b0706335131b00a7f49606168c582594",
                "shasum": ""
            },
            "require": {
                "php": ">=5.3.3"
            },
            "suggest": {
                "ext-mbstring": "For best performance"
            },
            "type": "library",
            "extra": {
                "branch-alias": {
                    "dev-master": "1.2-dev"
                }
            },
            "autoload": {
                "psr-4": {
                    "Symfony\\Polyfill\\Mbstring\\": ""
                },
                "files": [
                    "bootstrap.php"
                ]
            },
            "notification-url": "https://packagist.org/downloads/",
            "license": [
                "MIT"
            ],
            "authors": [
                {
                    "name": "Nicolas Grekas",
                    "email": "p@tchwork.com"
                },
                {
                    "name": "Symfony Community",
                    "homepage": "https://symfony.com/contributors"
                }
            ],
            "description": "Symfony polyfill for the Mbstring extension",
            "homepage": "https://symfony.com",
            "keywords": [
                "compatibility",
                "mbstring",
                "polyfill",
                "portable",
                "shim"
            ],
            "time": "2016-05-18 14:26:46"
        },
        {
            "name": "symfony/process",
            "version": "v3.1.3",
            "source": {
                "type": "git",
                "url": "https://github.com/symfony/process.git",
                "reference": "04c2dfaae4ec56a5c677b0c69fac34637d815758"
            },
            "dist": {
                "type": "zip",
                "url": "https://api.github.com/repos/symfony/process/zipball/04c2dfaae4ec56a5c677b0c69fac34637d815758",
                "reference": "04c2dfaae4ec56a5c677b0c69fac34637d815758",
                "shasum": ""
            },
            "require": {
                "php": ">=5.5.9"
            },
            "type": "library",
            "extra": {
                "branch-alias": {
                    "dev-master": "3.1-dev"
                }
            },
            "autoload": {
                "psr-4": {
                    "Symfony\\Component\\Process\\": ""
                },
                "exclude-from-classmap": [
                    "/Tests/"
                ]
            },
            "notification-url": "https://packagist.org/downloads/",
            "license": [
                "MIT"
            ],
            "authors": [
                {
                    "name": "Fabien Potencier",
                    "email": "fabien@symfony.com"
                },
                {
                    "name": "Symfony Community",
                    "homepage": "https://symfony.com/contributors"
                }
            ],
            "description": "Symfony Process Component",
            "homepage": "https://symfony.com",
            "time": "2016-07-28 11:13:48"
        },
        {
            "name": "tightenco/collect",
            "version": "v5.3.4",
            "source": {
                "type": "git",
                "url": "https://github.com/tightenco/collect.git",
                "reference": "66022effbf150f143c7ad055790e16a844de71e2"
            },
            "dist": {
                "type": "zip",
                "url": "https://api.github.com/repos/tightenco/collect/zipball/66022effbf150f143c7ad055790e16a844de71e2",
                "reference": "66022effbf150f143c7ad055790e16a844de71e2",
                "shasum": ""
            },
            "require": {
                "php": ">=5.5.9"
            },
            "require-dev": {
                "mockery/mockery": "~0.9.4",
                "phpunit/phpunit": "~4.1"
            },
            "type": "library",
            "autoload": {
                "files": [
                    "src/Illuminate/Support/helpers.php"
                ],
                "psr-4": {
                    "Illuminate\\": "src/Illuminate"
                }
            },
            "notification-url": "https://packagist.org/downloads/",
            "license": [
                "MIT"
            ],
            "authors": [
                {
                    "name": "Taylor Otwell",
                    "email": "taylorotwell@gmail.com"
                }
            ],
            "description": "Collect - Illuminate Collections as a separate package.",
            "keywords": [
                "collection",
                "laravel"
            ],
            "time": "2016-08-26 22:42:37"
        }
    ],
    "packages-dev": [],
    "aliases": [],
    "minimum-stability": "stable",
    "stability-flags": [],
    "prefer-stable": false,
    "prefer-lowest": false,
    "platform": [],
    "platform-dev": []
}
